
Microsoft Visual Studio Solution File, Format Version 12.00
# Visual Studio Version 17
VisualStudioVersion = 17.7.34202.233
MinimumVisualStudioVersion = 10.0.40219.1
Project("{FAE04EC0-301F-11D3-BF4B-00C04F79EFBC}") = "Exercicio9", "Exercicio9.csproj", "{83827680-7DBF-4BDC-981F-2DB6B1175D53}"
EndProject
Global
	GlobalSection(SolutionConfigurationPlatforms) = preSolution
		Debug|Any CPU = Debug|Any CPU
		Release|Any CPU = Release|Any CPU
	EndGlobalSection
	GlobalSection(ProjectConfigurationPlatforms) = postSolution
		{83827680-7DBF-4BDC-981F-2DB6B1175D53}.Debug|Any CPU.ActiveCfg = Debug|Any CPU
		{83827680-7DBF-4BDC-981F-2DB6B1175D53}.Debug|Any CPU.Build.0 = Debug|Any CPU
		{83827680-7DBF-4BDC-981F-2DB6B1175D53}.Release|Any CPU.ActiveCfg = Release|Any CPU
		{83827680-7DBF-4BDC-981F-2DB6B1175D53}.Release|Any CPU.Build.0 = Release|Any CPU
	EndGlobalSection
	GlobalSection(SolutionProperties) = preSolution
		HideSolutionNode = FALSE
	EndGlobalSection
	GlobalSection(ExtensibilityGlobals) = postSolution
		SolutionGuid = {35F7DE51-C07F-429B-A299-9EA66CD6D912}
	EndGlobalSection
EndGlobal
